
Microsoft Visual Studio Solution File, Format Version 12.00
# Visual Studio Version 17
VisualStudioVersion = 17.10.35013.160
MinimumVisualStudioVersion = 10.0.40219.1
Project("{FAE04EC0-301F-11D3-BF4B-00C04F79EFBC}") = "ProgaVove2", "ProgaVove2.csproj", "{1DA7EB14-4885-48F6-B164-AFAB44DDCCDB}"
EndProject
Global
	GlobalSection(SolutionConfigurationPlatforms) = preSolution
		Debug|Any CPU = Debug|Any CPU
		Release|Any CPU = Release|Any CPU
	EndGlobalSection
	GlobalSection(ProjectConfigurationPlatforms) = postSolution
		{1DA7EB14-4885-48F6-B164-AFAB44DDCCDB}.Debug|Any CPU.ActiveCfg = Debug|Any CPU
		{1DA7EB14-4885-48F6-B164-AFAB44DDCCDB}.Debug|Any CPU.Build.0 = Debug|Any CPU
		{1DA7EB14-4885-48F6-B164-AFAB44DDCCDB}.Release|Any CPU.ActiveCfg = Release|Any CPU
		{1DA7EB14-4885-48F6-B164-AFAB44DDCCDB}.Release|Any CPU.Build.0 = Release|Any CPU
	EndGlobalSection
	GlobalSection(SolutionProperties) = preSolution
		HideSolutionNode = FALSE
	EndGlobalSection
	GlobalSection(ExtensibilityGlobals) = postSolution
		SolutionGuid = {FC0E7DDE-1591-4267-A68D-83221581DC75}
	EndGlobalSection
EndGlobal
